{
  "object": {
    "pins": [
      {
        "package": "llbuild",
        "repositoryURL": "https://github.com/apple/swift-llbuild.git",
        "state": {
          "branch": null,
          "revision": "f73b84bc1525998e5e267f9d830c1411487ac65e",
          "version": "0.2.0"
        }
      },
      {
        "package": "SwiftPM",
        "repositoryURL": "https://github.com/apple/swift-package-manager.git",
        "state": {
          "branch": null,
          "revision": "9abcc2260438177cecd7cf5185b144d13e74122b",
          "version": "0.5.0"
        }
      },
      {
        "package": "SwiftSyntax",
        "repositoryURL": "https://github.com/apple/swift-syntax.git",
        "state": {
          "branch": null,
          "revision": "0688b9cfc4c3dd234e4f55f1f056b2affc849873",
          "version": "0.50200.0"
        }
      },
      {
        "package": "SwiftSyntaxExtensions",
        "repositoryURL": "https://github.com/ezura/SwiftSyntaxExtensions.git",
        "state": {
          "branch": null,
          "revision": "1187a8779d5de054a41c1a8f556658aaef4c79c5",
          "version": "0.50200.0"
        }
      }
    ]
  },
  "version": 1
}
