{
  "object": {
    "pins": [
      {
        "package": "llbuild",
        "repositoryURL": "https://github.com/apple/swift-llbuild.git",
        "state": {
          "branch": "master",
          "revision": "d603a1641614065415d92af008fc60c1f1ea07ed",
          "version": null
        }
      },
      {
        "package": "SwiftPM",
        "repositoryURL": "https://github.com/apple/swift-package-manager.git",
        "state": {
          "branch": "swift-5.1-DEVELOPMENT-SNAPSHOT-2019-04-25-a",
          "revision": "a1c685bec46b2e7fbb6eba9c43a3be7954257f74",
          "version": null
        }
      },
      {
        "package": "SwiftSyntax",
        "repositoryURL": "https://github.com/apple/swift-syntax.git",
        "state": {
          "branch": null,
          "revision": "43aa4a19b8105a803d8149ad2a86aa53a77efef3",
          "version": "0.50000.0"
        }
      },
      {
        "package": "SwiftSyntaxExtensions",
        "repositoryURL": "https://github.com/ezura/SwiftSyntaxExtensions.git",
        "state": {
          "branch": null,
          "revision": "a353d82e20d902d9b7592beeb7da085cf7dd3232",
          "version": "0.50000.0"
        }
      }
    ]
  },
  "version": 1
}
